{
  "name": "os-dev-extension",
  "version": "0.0.0",
  "lockfileVersion": 1,
  "requires": true,
  "dependencies": {
    "@types/glob": {
      "version": "7.1.3",
      "resolved": "https://registry.nlark.com/@types/glob/download/@types/glob-7.1.3.tgz",
      "integrity": "sha1-5rqA82t9qtLGhazZJmOC5omFwYM=",
      "dev": true,
      "requires": {
        "@types/minimatch": "*",
        "@types/node": "*"
      }
    },
    "@types/minimatch": {
      "version": "3.0.4",
      "resolved": "https://registry.nlark.com/@types/minimatch/download/@types/minimatch-3.0.4.tgz",
      "integrity": "sha1-8Owl2/Lw5LGGRzE6wDETTKWySyE=",
      "dev": true
    },
    "@types/node": {
      "version": "15.12.2",
      "resolved": "https://registry.nlark.com/@types/node/download/@types/node-15.12.2.tgz",
      "integrity": "sha1-HytCxL5xVv9Kb5FLL7A9BfqE440=",
      "dev": true
    },
    "@types/shelljs": {
      "version": "0.8.8",
      "resolved": "https://registry.nlark.com/@types/shelljs/download/@types/shelljs-0.8.8.tgz?cache=0&sync_timestamp=1621243494131&other_urls=https%3A%2F%2Fregistry.nlark.com%2F%40types%2Fshelljs%2Fdownload%2F%40types%2Fshelljs-0.8.8.tgz",
      "integrity": "sha1-5DnGmSm4iiyBI8GlXgnrcIMVrd8=",
      "dev": true,
      "requires": {
        "@types/glob": "*",
        "@types/node": "*"
      }
    }
  }
}
